
Microsoft Visual Studio Solution File, Format Version 12.00
# Visual Studio Version 17
VisualStudioVersion = 17.9.34622.214
MinimumVisualStudioVersion = 10.0.40219.1
Project("{FAE04EC0-301F-11D3-BF4B-00C04F79EFBC}") = "TreeLab5", "TreeLab5\TreeLab5.csproj", "{D7A856FA-F800-48BE-A0EA-ADF43A9CB781}"
EndProject
Global
	GlobalSection(SolutionConfigurationPlatforms) = preSolution
		Debug|Any CPU = Debug|Any CPU
		Release|Any CPU = Release|Any CPU
	EndGlobalSection
	GlobalSection(ProjectConfigurationPlatforms) = postSolution
		{D7A856FA-F800-48BE-A0EA-ADF43A9CB781}.Debug|Any CPU.ActiveCfg = Debug|Any CPU
		{D7A856FA-F800-48BE-A0EA-ADF43A9CB781}.Debug|Any CPU.Build.0 = Debug|Any CPU
		{D7A856FA-F800-48BE-A0EA-ADF43A9CB781}.Release|Any CPU.ActiveCfg = Release|Any CPU
		{D7A856FA-F800-48BE-A0EA-ADF43A9CB781}.Release|Any CPU.Build.0 = Release|Any CPU
	EndGlobalSection
	GlobalSection(SolutionProperties) = preSolution
		HideSolutionNode = FALSE
	EndGlobalSection
	GlobalSection(ExtensibilityGlobals) = postSolution
		SolutionGuid = {4380C5DA-D6DC-4BA9-82BC-5EABCD504117}
	EndGlobalSection
EndGlobal
